
Microsoft Visual Studio Solution File, Format Version 12.00
# Visual Studio Version 16
VisualStudioVersion = 16.0.28803.352
MinimumVisualStudioVersion = 10.0.40219.1
Project("{9A19103F-16F7-4668-BE54-9A1E7A4F7556}") = "Flights", "Flights\Flights.csproj", "{85745ECD-52B1-44A4-B68F-759BAEF48421}"
EndProject
Project("{9A19103F-16F7-4668-BE54-9A1E7A4F7556}") = "Common", "Common\Common.csproj", "{3BD3C085-A8A8-4969-AB52-BF4FEEF01090}"
EndProject
Project("{2150E333-8FDC-42A3-9474-1A3956D46DE8}") = "Solution Items", "Solution Items", "{BBC8A544-3D35-4D50-864B-2C8AD2A6FC38}"
	ProjectSection(SolutionItems) = preProject
		README.md = README.md
		SchedulerSchema.json = SchedulerSchema.json
	EndProjectSection
EndProject
Project("{9A19103F-16F7-4668-BE54-9A1E7A4F7556}") = "Flights.Tests", "Flights.Tests\Flights.Tests.csproj", "{6E6D74E7-C52D-499C-84AD-8387E3DD6D74}"
EndProject
Global
	GlobalSection(SolutionConfigurationPlatforms) = preSolution
		Debug|Any CPU = Debug|Any CPU
		Release|Any CPU = Release|Any CPU
	EndGlobalSection
	GlobalSection(ProjectConfigurationPlatforms) = postSolution
		{85745ECD-52B1-44A4-B68F-759BAEF48421}.Debug|Any CPU.ActiveCfg = Debug|Any CPU
		{85745ECD-52B1-44A4-B68F-759BAEF48421}.Debug|Any CPU.Build.0 = Debug|Any CPU
		{85745ECD-52B1-44A4-B68F-759BAEF48421}.Release|Any CPU.ActiveCfg = Release|Any CPU
		{85745ECD-52B1-44A4-B68F-759BAEF48421}.Release|Any CPU.Build.0 = Release|Any CPU
		{3BD3C085-A8A8-4969-AB52-BF4FEEF01090}.Debug|Any CPU.ActiveCfg = Debug|Any CPU
		{3BD3C085-A8A8-4969-AB52-BF4FEEF01090}.Debug|Any CPU.Build.0 = Debug|Any CPU
		{3BD3C085-A8A8-4969-AB52-BF4FEEF01090}.Release|Any CPU.ActiveCfg = Release|Any CPU
		{3BD3C085-A8A8-4969-AB52-BF4FEEF01090}.Release|Any CPU.Build.0 = Release|Any CPU
		{6E6D74E7-C52D-499C-84AD-8387E3DD6D74}.Debug|Any CPU.ActiveCfg = Debug|Any CPU
		{6E6D74E7-C52D-499C-84AD-8387E3DD6D74}.Debug|Any CPU.Build.0 = Debug|Any CPU
		{6E6D74E7-C52D-499C-84AD-8387E3DD6D74}.Release|Any CPU.ActiveCfg = Release|Any CPU
		{6E6D74E7-C52D-499C-84AD-8387E3DD6D74}.Release|Any CPU.Build.0 = Release|Any CPU
	EndGlobalSection
	GlobalSection(SolutionProperties) = preSolution
		HideSolutionNode = FALSE
	EndGlobalSection
	GlobalSection(ExtensibilityGlobals) = postSolution
		SolutionGuid = {AEE850EE-89E3-45AE-92FF-770C05AF0A79}
	EndGlobalSection
EndGlobal
